
Microsoft Visual Studio Solution File, Format Version 12.00
# Visual Studio Version 17
VisualStudioVersion = 17.12.35707.178
MinimumVisualStudioVersion = 10.0.40219.1
Project("{FAE04EC0-301F-11D3-BF4B-00C04F79EFBC}") = "MovieManager", "MovieManager\MovieManager.csproj", "{00C370DB-CC4F-43BE-B9D7-2EB08C4FE0F1}"
EndProject
Project("{FAE04EC0-301F-11D3-BF4B-00C04F79EFBC}") = "MovieManager.Tests", "MovieManager.Tests\MovieManager.Tests.csproj", "{0E3E446F-9FF5-42AE-AC28-FF8EF03EAD58}"
EndProject
Global
	GlobalSection(SolutionConfigurationPlatforms) = preSolution
		Debug|Any CPU = Debug|Any CPU
		Release|Any CPU = Release|Any CPU
	EndGlobalSection
	GlobalSection(ProjectConfigurationPlatforms) = postSolution
		{00C370DB-CC4F-43BE-B9D7-2EB08C4FE0F1}.Debug|Any CPU.ActiveCfg = Debug|Any CPU
		{00C370DB-CC4F-43BE-B9D7-2EB08C4FE0F1}.Debug|Any CPU.Build.0 = Debug|Any CPU
		{00C370DB-CC4F-43BE-B9D7-2EB08C4FE0F1}.Release|Any CPU.ActiveCfg = Release|Any CPU
		{00C370DB-CC4F-43BE-B9D7-2EB08C4FE0F1}.Release|Any CPU.Build.0 = Release|Any CPU
		{0E3E446F-9FF5-42AE-AC28-FF8EF03EAD58}.Debug|Any CPU.ActiveCfg = Debug|Any CPU
		{0E3E446F-9FF5-42AE-AC28-FF8EF03EAD58}.Debug|Any CPU.Build.0 = Debug|Any CPU
		{0E3E446F-9FF5-42AE-AC28-FF8EF03EAD58}.Release|Any CPU.ActiveCfg = Release|Any CPU
		{0E3E446F-9FF5-42AE-AC28-FF8EF03EAD58}.Release|Any CPU.Build.0 = Release|Any CPU
	EndGlobalSection
	GlobalSection(SolutionProperties) = preSolution
		HideSolutionNode = FALSE
	EndGlobalSection
EndGlobal
